
Microsoft Visual Studio Solution File, Format Version 12.00
# Visual Studio Version 16
VisualStudioVersion = 16.0.31205.134
MinimumVisualStudioVersion = 10.0.40219.1
Project("{FAE04EC0-301F-11D3-BF4B-00C04F79EFBC}") = "String_Writer", "String_Writer.csproj", "{0150360D-8BCA-43FB-BB96-4E0A9FAE7EB2}"
EndProject
Global
	GlobalSection(SolutionConfigurationPlatforms) = preSolution
		Debug|Any CPU = Debug|Any CPU
		Release|Any CPU = Release|Any CPU
	EndGlobalSection
	GlobalSection(ProjectConfigurationPlatforms) = postSolution
		{0150360D-8BCA-43FB-BB96-4E0A9FAE7EB2}.Debug|Any CPU.ActiveCfg = Debug|Any CPU
		{0150360D-8BCA-43FB-BB96-4E0A9FAE7EB2}.Debug|Any CPU.Build.0 = Debug|Any CPU
		{0150360D-8BCA-43FB-BB96-4E0A9FAE7EB2}.Release|Any CPU.ActiveCfg = Release|Any CPU
		{0150360D-8BCA-43FB-BB96-4E0A9FAE7EB2}.Release|Any CPU.Build.0 = Release|Any CPU
	EndGlobalSection
	GlobalSection(SolutionProperties) = preSolution
		HideSolutionNode = FALSE
	EndGlobalSection
	GlobalSection(ExtensibilityGlobals) = postSolution
		SolutionGuid = {D874C0C7-53BF-4AA6-B635-3FBB1F072BF2}
	EndGlobalSection
EndGlobal
